# THIS IS AN AUTOGENERATED FILE. DO NOT EDIT THIS FILE DIRECTLY.
# yarn lockfile v1


"@fontsource/roboto@^4.5.3":
  version "4.5.8"
  resolved "https://registry.yarnpkg.com/@fontsource/roboto/-/roboto-4.5.8.tgz#56347764786079838faf43f0eeda22dd7328437f"
  integrity sha512-CnD7zLItIzt86q4Sj3kZUiLcBk1dSk81qcqgMGaZe7SQ1P8hFNxhMl5AZthK1zrDM5m74VVhaOpuMGIL4gagaA==

active_material@^2.0.0:
  version "2.0.0"
  resolved "https://registry.yarnpkg.com/active_material/-/active_material-2.0.0.tgz#9d9ee40711b30386e37e36f68ece4c0bc1267063"
  integrity sha512-LiYWCN7iJN51feoG5dN1dA5JKQBBk2C9lD02A2m4EOSVC4AUUC8qI4Cnw51swRUN2+dfZBT70UQ3xDFFKcDiZQ==
  dependencies:
    "@fontsource/roboto" "^4.5.3"
